// !$*UTF8*$!
{
	archiveVersion = 1;
	classes = {
	};
	objectVersion = 48;
	objects = {

/* Begin PBXBuildFile section */
		56A6D9C22005A2E900919617 /* AppDelegate.swift in Sources */ = {isa = PBXBuildFile; fileRef = 56A6D9C12005A2E900919617 /* AppDelegate.swift */; };
		56A6D9C42005A2E900919617 /* ViewController.swift in Sources */ = {isa = PBXBuildFile; fileRef = 56A6D9C32005A2E900919617 /* ViewController.swift */; };
		56A6D9C72005A2E900919617 /* Main.storyboard in Resources */ = {isa = PBXBuildFile; fileRef = 56A6D9C52005A2E900919617 /* Main.storyboard */; };
		56A6D9C92005A2E900919617 /* Assets.xcassets in Resources */ = {isa = PBXBuildFile; fileRef = 56A6D9C82005A2E900919617 /* Assets.xcassets */; };
		56A6D9CC2005A2E900919617 /* LaunchScreen.storyboard in Resources */ = {isa = PBXBuildFile; fileRef = 56A6D9CA2005A2E900919617 /* LaunchScreen.storyboard */; };
		56A6D9D62005F8F000919617 /* FilterViewController.swift in Sources */ = {isa = PBXBuildFile; fileRef = 56A6D9D52005F8F000919617 /* FilterViewController.swift */; };
		56A6D9D82005F8FF00919617 /* CustomResourceViewController.swift in Sources */ = {isa = PBXBuildFile; fileRef = 56A6D9D72005F8FF00919617 /* CustomResourceViewController.swift */; };
		56A6D9DA2006114600919617 /* MyCustomSchemeHandler.swift in Sources */ = {isa = PBXBuildFile; fileRef = 56A6D9D92006114600919617 /* MyCustomSchemeHandler.swift */; };
/* End PBXBuildFile section */

/* Begin PBXFileReference section */
		56A6D9BE2005A2E900919617 /* WKWebViewNewFeaturesDemo.app */ = {isa = PBXFileReference; explicitFileType = wrapper.application; includeInIndex = 0; path = WKWebViewNewFeaturesDemo.app; sourceTree = BUILT_PRODUCTS_DIR; };
		56A6D9C12005A2E900919617 /* AppDelegate.swift */ = {isa = PBXFileReference; lastKnownFileType = sourcecode.swift; path = AppDelegate.swift; sourceTree = "<group>"; };
		56A6D9C32005A2E900919617 /* ViewController.swift */ = {isa = PBXFileReference; lastKnownFileType = sourcecode.swift; path = ViewController.swift; sourceTree = "<group>"; };
		56A6D9C62005A2E900919617 /* Base */ = {isa = PBXFileReference; lastKnownFileType = file.storyboard; name = Base; path = Base.lproj/Main.storyboard; sourceTree = "<group>"; };
		56A6D9C82005A2E900919617 /* Assets.xcassets */ = {isa = PBXFileReference; lastKnownFileType = folder.assetcatalog; path = Assets.xcassets; sourceTree = "<group>"; };
		56A6D9CB2005A2E900919617 /* Base */ = {isa = PBXFileReference; lastKnownFileType = file.storyboard; name = Base; path = Base.lproj/LaunchScreen.storyboard; sourceTree = "<group>"; };
		56A6D9CD2005A2E900919617 /* Info.plist */ = {isa = PBXFileReference; lastKnownFileType = text.plist.xml; path = Info.plist; sourceTree = "<group>"; };
		56A6D9D52005F8F000919617 /* FilterViewController.swift */ = {isa = PBXFileReference; lastKnownFileType = sourcecode.swift; path = FilterViewController.swift; sourceTree = "<group>"; };
		56A6D9D72005F8FF00919617 /* CustomResourceViewController.swift */ = {isa = PBXFileReference; lastKnownFileType = sourcecode.swift; path = CustomResourceViewController.swift; sourceTree = "<group>"; };
		56A6D9D92006114600919617 /* MyCustomSchemeHandler.swift */ = {isa = PBXFileReference; lastKnownFileType = sourcecode.swift; path = MyCustomSchemeHandler.swift; sourceTree = "<group>"; };
/* End PBXFileReference section */

/* Begin PBXFrameworksBuildPhase section */
		56A6D9BB2005A2E900919617 /* Frameworks */ = {
			isa = PBXFrameworksBuildPhase;
			buildActionMask = 2147483647;
			files = (
			);
			runOnlyForDeploymentPostprocessing = 0;
		};
/* End PBXFrameworksBuildPhase section */

/* Begin PBXGroup section */
		56A6D9B52005A2E900919617 = {
			isa = PBXGroup;
			children = (
				56A6D9C02005A2E900919617 /* WKWebViewNewFeaturesDemo */,
				56A6D9BF2005A2E900919617 /* Products */,
			);
			sourceTree = "<group>";
		};
		56A6D9BF2005A2E900919617 /* Products */ = {
			isa = PBXGroup;
			children = (
				56A6D9BE2005A2E900919617 /* WKWebViewNewFeaturesDemo.app */,
			);
			name = Products;
			sourceTree = "<group>";
		};
		56A6D9C02005A2E900919617 /* WKWebViewNewFeaturesDemo */ = {
			isa = PBXGroup;
			children = (
				56A6D9C12005A2E900919617 /* AppDelegate.swift */,
				56A6D9C32005A2E900919617 /* ViewController.swift */,
				56A6D9D52005F8F000919617 /* FilterViewController.swift */,
				56A6D9D72005F8FF00919617 /* CustomResourceViewController.swift */,
				56A6D9D92006114600919617 /* MyCustomSchemeHandler.swift */,
				56A6D9C52005A2E900919617 /* Main.storyboard */,
				56A6D9C82005A2E900919617 /* Assets.xcassets */,
				56A6D9CA2005A2E900919617 /* LaunchScreen.storyboard */,
				56A6D9CD2005A2E900919617 /* Info.plist */,
			);
			path = WKWebViewNewFeaturesDemo;
			sourceTree = "<group>";
		};
/* End PBXGroup section */

/* Begin PBXNativeTarget section */
		56A6D9BD2005A2E900919617 /* WKWebViewNewFeaturesDemo */ = {
			isa = PBXNativeTarget;
			buildConfigurationList = 56A6D9D02005A2E900919617 /* Build configuration list for PBXNativeTarget "WKWebViewNewFeaturesDemo" */;
			buildPhases = (
				56A6D9BA2005A2E900919617 /* Sources */,
				56A6D9BB2005A2E900919617 /* Frameworks */,
				56A6D9BC2005A2E900919617 /* Resources */,
			);
			buildRules = (
			);
			dependencies = (
			);
			name = WKWebViewNewFeaturesDemo;
			productName = WKWebViewNewFeaturesDemo;
			productReference = 56A6D9BE2005A2E900919617 /* WKWebViewNewFeaturesDemo.app */;
			productType = "com.apple.product-type.application";
		};
/* End PBXNativeTarget section */

/* Begin PBXProject section */
		56A6D9B62005A2E900919617 /* Project object */ = {
			isa = PBXProject;
			attributes = {
				LastSwiftUpdateCheck = 0920;
				LastUpgradeCheck = 0920;
				ORGANIZATIONNAME = zhanggui;
				TargetAttributes = {
					56A6D9BD2005A2E900919617 = {
						CreatedOnToolsVersion = 9.2;
						ProvisioningStyle = Automatic;
					};
				};
			};
			buildConfigurationList = 56A6D9B92005A2E900919617 /* Build configuration list for PBXProject "WKWebViewNewFeaturesDemo" */;
			compatibilityVersion = "Xcode 8.0";
			developmentRegion = en;
			hasScannedForEncodings = 0;
			knownRegions = (
				en,
				Base,
			);
			mainGroup = 56A6D9B52005A2E900919617;
			productRefGroup = 56A6D9BF2005A2E900919617 /* Products */;
			projectDirPath = "";
			projectRoot = "";
			targets = (
				56A6D9BD2005A2E900919617 /* WKWebViewNewFeaturesDemo */,
			);
		};
/* End PBXProject section */

/* Begin PBXResourcesBuildPhase section */
		56A6D9BC2005A2E900919617 /* Resources */ = {
			isa = PBXResourcesBuildPhase;
			buildActionMask = 2147483647;
			files = (
				56A6D9CC2005A2E900919617 /* LaunchScreen.storyboard in Resources */,
				56A6D9C92005A2E900919617 /* Assets.xcassets in Resources */,
				56A6D9C72005A2E900919617 /* Main.storyboard in Resources */,
			);
			runOnlyForDeploymentPostprocessing = 0;
		};
/* End PBXResourcesBuildPhase section */

/* Begin PBXSourcesBuildPhase section */
		56A6D9BA2005A2E900919617 /* Sources */ = {
			isa = PBXSourcesBuildPhase;
			buildActionMask = 2147483647;
			files = (
				56A6D9D62005F8F000919617 /* FilterViewController.swift in Sources */,
				56A6D9C42005A2E900919617 /* ViewController.swift in Sources */,
				56A6D9C22005A2E900919617 /* AppDelegate.swift in Sources */,
				56A6D9DA2006114600919617 /* MyCustomSchemeHandler.swift in Sources */,
				56A6D9D82005F8FF00919617 /* CustomResourceViewController.swift in Sources */,
			);
			runOnlyForDeploymentPostprocessing = 0;
		};
/* End PBXSourcesBuildPhase section */

/* Begin PBXVariantGroup section */
		56A6D9C52005A2E900919617 /* Main.storyboard */ = {
			isa = PBXVariantGroup;
			children = (
				56A6D9C62005A2E900919617 /* Base */,
			);
			name = Main.storyboard;
			sourceTree = "<group>";
		};
		56A6D9CA2005A2E900919617 /* LaunchScreen.storyboard */ = {
			isa = PBXVariantGroup;
			children = (
				56A6D9CB2005A2E900919617 /* Base */,
			);
			name = LaunchScreen.storyboard;
			sourceTree = "<group>";
		};
/* End PBXVariantGroup section */

/* Begin XCBuildConfiguration section */
		56A6D9CE2005A2E900919617 /* Debug */ = {
			isa = XCBuildConfiguration;
			buildSettings = {
				ALWAYS_SEARCH_USER_PATHS = NO;
				CLANG_ANALYZER_NONNULL = YES;
				CLANG_ANALYZER_NUMBER_OBJECT_CONVERSION = YES_AGGRESSIVE;
				CLANG_CXX_LANGUAGE_STANDARD = "gnu++14";
				CLANG_CXX_LIBRARY = "libc++";
				CLANG_ENABLE_MODULES = YES;
				CLANG_ENABLE_OBJC_ARC = YES;
				CLANG_WARN_BLOCK_CAPTURE_AUTORELEASING = YES;
				CLANG_WARN_BOOL_CONVERSION = YES;
				CLANG_WARN_COMMA = YES;
				CLANG_WARN_CONSTANT_CONVERSION = YES;
				CLANG_WARN_DIRECT_OBJC_ISA_USAGE = YES_ERROR;
				CLANG_WARN_DOCUMENTATION_COMMENTS = YES;
				CLANG_WARN_EMPTY_BODY = YES;
				CLANG_WARN_ENUM_CONVERSION = YES;
				CLANG_WARN_INFINITE_RECURSION = YES;
				CLANG_WARN_INT_CONVERSION = YES;
				CLANG_WARN_NON_LITERAL_NULL_CONVERSION = YES;
				CLANG_WARN_OBJC_LITERAL_CONVERSION = YES;
				CLANG_WARN_OBJC_ROOT_CLASS = YES_ERROR;
				CLANG_WARN_RANGE_LOOP_ANALYSIS = YES;
				CLANG_WARN_STRICT_PROTOTYPES = YES;
				CLANG_WARN_SUSPICIOUS_MOVE = YES;
				CLANG_WARN_UNGUARDED_AVAILABILITY = YES_AGGRESSIVE;
				CLANG_WARN_UNREACHABLE_CODE = YES;
				CLANG_WARN__DUPLICATE_METHOD_MATCH = YES;
				CODE_SIGN_IDENTITY = "iPhone Developer";
				COPY_PHASE_STRIP = NO;
				DEBUG_INFORMATION_FORMAT = dwarf;
				ENABLE_STRICT_OBJC_MSGSEND = YES;
				ENABLE_TESTABILITY = YES;
				GCC_C_LANGUAGE_STANDARD = gnu11;
				GCC_DYNAMIC_NO_PIC = NO;
				GCC_NO_COMMON_BLOCKS = YES;
				GCC_OPTIMIZATION_LEVEL = 0;
				GCC_PREPROCESSOR_DEFINITIONS = (
					"DEBUG=1",
					"$(inherited)",
				);
				GCC_WARN_64_TO_32_BIT_CONVERSION = YES;
				GCC_WARN_ABOUT_RETURN_TYPE = YES_ERROR;
				GCC_WARN_UNDECLARED_SELECTOR = YES;
				GCC_WARN_UNINITIALIZED_AUTOS = YES_AGGRESSIVE;
				GCC_WARN_UNUSED_FUNCTION = YES;
				GCC_WARN_UNUSED_VARIABLE = YES;
				IPHONEOS_DEPLOYMENT_TARGET = 11.2;
				MTL_ENABLE_DEBUG_INFO = YES;
				ONLY_ACTIVE_ARCH = YES;
				SDKROOT = iphoneos;
				SWIFT_ACTIVE_COMPILATION_CONDITIONS = DEBUG;
				SWIFT_OPTIMIZATION_LEVEL = "-Onone";
			};
			name = Debug;
		};
		56A6D9CF2005A2E900919617 /* Release */ = {
			isa = XCBuildConfiguration;
			buildSettings = {
				ALWAYS_SEARCH_USER_PATHS = NO;
				CLANG_ANALYZER_NONNULL = YES;
				CLANG_ANALYZER_NUMBER_OBJECT_CONVERSION = YES_AGGRESSIVE;
				CLANG_CXX_LANGUAGE_STANDARD = "gnu++14";
				CLANG_CXX_LIBRARY = "libc++";
				CLANG_ENABLE_MODULES = YES;
				CLANG_ENABLE_OBJC_ARC = YES;
				CLANG_WARN_BLOCK_CAPTURE_AUTORELEASING = YES;
				CLANG_WARN_BOOL_CONVERSION = YES;
				CLANG_WARN_COMMA = YES;
				CLANG_WARN_CONSTANT_CONVERSION = YES;
				CLANG_WARN_DIRECT_OBJC_ISA_USAGE = YES_ERROR;
				CLANG_WARN_DOCUMENTATION_COMMENTS = YES;
				CLANG_WARN_EMPTY_BODY = YES;
				CLANG_WARN_ENUM_CONVERSION = YES;
				CLANG_WARN_INFINITE_RECURSION = YES;
				CLANG_WARN_INT_CONVERSION = YES;
				CLANG_WARN_NON_LITERAL_NULL_CONVERSION = YES;
				CLANG_WARN_OBJC_LITERAL_CONVERSION = YES;
				CLANG_WARN_OBJC_ROOT_CLASS = YES_ERROR;
				CLANG_WARN_RANGE_LOOP_ANALYSIS = YES;
				CLANG_WARN_STRICT_PROTOTYPES = YES;
				CLANG_WARN_SUSPICIOUS_MOVE = YES;
				CLANG_WARN_UNGUARDED_AVAILABILITY = YES_AGGRESSIVE;
				CLANG_WARN_UNREACHABLE_CODE = YES;
				CLANG_WARN__DUPLICATE_METHOD_MATCH = YES;
				CODE_SIGN_IDENTITY = "iPhone Developer";
				COPY_PHASE_STRIP = NO;
				DEBUG_INFORMATION_FORMAT = "dwarf-with-dsym";
				ENABLE_NS_ASSERTIONS = NO;
				ENABLE_STRICT_OBJC_MSGSEND = YES;
				GCC_C_LANGUAGE_STANDARD = gnu11;
				GCC_NO_COMMON_BLOCKS = YES;
				GCC_WARN_64_TO_32_BIT_CONVERSION = YES;
				GCC_WARN_ABOUT_RETURN_TYPE = YES_ERROR;
				GCC_WARN_UNDECLARED_SELECTOR = YES;
				GCC_WARN_UNINITIALIZED_AUTOS = YES_AGGRESSIVE;
				GCC_WARN_UNUSED_FUNCTION = YES;
				GCC_WARN_UNUSED_VARIABLE = YES;
				IPHONEOS_DEPLOYMENT_TARGET = 11.2;
				MTL_ENABLE_DEBUG_INFO = NO;
				SDKROOT = iphoneos;
				SWIFT_OPTIMIZATION_LEVEL = "-Owholemodule";
				VALIDATE_PRODUCT = YES;
			};
			name = Release;
		};
		56A6D9D12005A2E900919617 /* Debug */ = {
			isa = XCBuildConfiguration;
			buildSettings = {
				ASSETCATALOG_COMPILER_APPICON_NAME = AppIcon;
				CODE_SIGN_STYLE = Automatic;
				DEVELOPMENT_TEAM = 4ATZY28W58;
				INFOPLIST_FILE = WKWebViewNewFeaturesDemo/Info.plist;
				LD_RUNPATH_SEARCH_PATHS = "$(inherited) @executable_path/Frameworks";
				PRODUCT_BUNDLE_IDENTIFIER = com.zhanggui.WKWebViewNewFeaturesDemo;
				PRODUCT_NAME = "$(TARGET_NAME)";
				SWIFT_VERSION = 4.0;
				TARGETED_DEVICE_FAMILY = "1,2";
			};
			name = Debug;
		};
		56A6D9D22005A2E900919617 /* Release */ = {
			isa = XCBuildConfiguration;
			buildSettings = {
				ASSETCATALOG_COMPILER_APPICON_NAME = AppIcon;
				CODE_SIGN_STYLE = Automatic;
				DEVELOPMENT_TEAM = 4ATZY28W58;
				INFOPLIST_FILE = WKWebViewNewFeaturesDemo/Info.plist;
				LD_RUNPATH_SEARCH_PATHS = "$(inherited) @executable_path/Frameworks";
				PRODUCT_BUNDLE_IDENTIFIER = com.zhanggui.WKWebViewNewFeaturesDemo;
				PRODUCT_NAME = "$(TARGET_NAME)";
				SWIFT_VERSION = 4.0;
				TARGETED_DEVICE_FAMILY = "1,2";
			};
			name = Release;
		};
/* End XCBuildConfiguration section */

/* Begin XCConfigurationList section */
		56A6D9B92005A2E900919617 /* Build configuration list for PBXProject "WKWebViewNewFeaturesDemo" */ = {
			isa = XCConfigurationList;
			buildConfigurations = (
				56A6D9CE2005A2E900919617 /* Debug */,
				56A6D9CF2005A2E900919617 /* Release */,
			);
			defaultConfigurationIsVisible = 0;
			defaultConfigurationName = Release;
		};
		56A6D9D02005A2E900919617 /* Build configuration list for PBXNativeTarget "WKWebViewNewFeaturesDemo" */ = {
			isa = XCConfigurationList;
			buildConfigurations = (
				56A6D9D12005A2E900919617 /* Debug */,
				56A6D9D22005A2E900919617 /* Release */,
			);
			defaultConfigurationIsVisible = 0;
			defaultConfigurationName = Release;
		};
/* End XCConfigurationList section */
	};
	rootObject = 56A6D9B62005A2E900919617 /* Project object */;
}
